// !$*UTF8*$!
{
	archiveVersion = 1;
	classes = {
	};
	objectVersion = 55;
	objects = {

/* Begin PBXBuildFile section */
		3AB18A204BBE9AEF614789A5 /* Pods_Test_Task_1.framework in Frameworks */ = {isa = PBXBuildFile; fileRef = 5E094B0681A9238BF5603585 /* Pods_Test_Task_1.framework */; };
		C77D6196294A656D00CD7A91 /* FirstVC.swift in Sources */ = {isa = PBXBuildFile; fileRef = C77D6195294A656D00CD7A91 /* FirstVC.swift */; };
		C77D6198294A65BE00CD7A91 /* FirstVC.xib in Resources */ = {isa = PBXBuildFile; fileRef = C77D6197294A65BE00CD7A91 /* FirstVC.xib */; };
		C77D61A0294A6C6600CD7A91 /* SecondVC.swift in Sources */ = {isa = PBXBuildFile; fileRef = C77D619F294A6C6600CD7A91 /* SecondVC.swift */; };
		C77D61A2294A6C7800CD7A91 /* SecondVC.xib in Resources */ = {isa = PBXBuildFile; fileRef = C77D61A1294A6C7800CD7A91 /* SecondVC.xib */; };
		C77D61A4294CD52900CD7A91 /* CityTableViewCell.swift in Sources */ = {isa = PBXBuildFile; fileRef = C77D61A3294CD52900CD7A91 /* CityTableViewCell.swift */; };
		C77D61A8294CD55500CD7A91 /* CityTableViewCell.xib in Resources */ = {isa = PBXBuildFile; fileRef = C77D61A7294CD55500CD7A91 /* CityTableViewCell.xib */; };
		C77D61AB294CDB0F00CD7A91 /* NetworkService.swift in Sources */ = {isa = PBXBuildFile; fileRef = C77D61AA294CDB0F00CD7A91 /* NetworkService.swift */; };
		C7A1B9E729488AAB00D62C28 /* AppDelegate.swift in Sources */ = {isa = PBXBuildFile; fileRef = C7A1B9E629488AAB00D62C28 /* AppDelegate.swift */; };
		C7A1B9E929488AAB00D62C28 /* SceneDelegate.swift in Sources */ = {isa = PBXBuildFile; fileRef = C7A1B9E829488AAB00D62C28 /* SceneDelegate.swift */; };
		C7A1B9F029488AAE00D62C28 /* Assets.xcassets in Resources */ = {isa = PBXBuildFile; fileRef = C7A1B9EF29488AAE00D62C28 /* Assets.xcassets */; };
		C7B42C45295101300079E465 /* UIColorExtension.swift in Sources */ = {isa = PBXBuildFile; fileRef = C7B42C44295101300079E465 /* UIColorExtension.swift */; };
		C7F13E1A294F22B300828364 /* Constant.swift in Sources */ = {isa = PBXBuildFile; fileRef = C7F13E19294F22B300828364 /* Constant.swift */; };
		C7F13E1D294F247200828364 /* WeatherData.swift in Sources */ = {isa = PBXBuildFile; fileRef = C7F13E1C294F247100828364 /* WeatherData.swift */; };
		C7F13E1F294F29AB00828364 /* Weather.swift in Sources */ = {isa = PBXBuildFile; fileRef = C7F13E1E294F29AB00828364 /* Weather.swift */; };
		C7F13E21294F944C00828364 /* GetCityWeatherService.swift in Sources */ = {isa = PBXBuildFile; fileRef = C7F13E20294F944C00828364 /* GetCityWeatherService.swift */; };
/* End PBXBuildFile section */

/* Begin PBXFileReference section */
		0BDC811E9B8FC487239D013E /* Pods-Test_Task_1.release.xcconfig */ = {isa = PBXFileReference; includeInIndex = 1; lastKnownFileType = text.xcconfig; name = "Pods-Test_Task_1.release.xcconfig"; path = "Target Support Files/Pods-Test_Task_1/Pods-Test_Task_1.release.xcconfig"; sourceTree = "<group>"; };
		5E094B0681A9238BF5603585 /* Pods_Test_Task_1.framework */ = {isa = PBXFileReference; explicitFileType = wrapper.framework; includeInIndex = 0; path = Pods_Test_Task_1.framework; sourceTree = BUILT_PRODUCTS_DIR; };
		73BD2BDCBC24E53E7D80C9FB /* Pods-Test_Task_1.debug.xcconfig */ = {isa = PBXFileReference; includeInIndex = 1; lastKnownFileType = text.xcconfig; name = "Pods-Test_Task_1.debug.xcconfig"; path = "Target Support Files/Pods-Test_Task_1/Pods-Test_Task_1.debug.xcconfig"; sourceTree = "<group>"; };
		C77D6195294A656D00CD7A91 /* FirstVC.swift */ = {isa = PBXFileReference; lastKnownFileType = sourcecode.swift; path = FirstVC.swift; sourceTree = "<group>"; };
		C77D6197294A65BE00CD7A91 /* FirstVC.xib */ = {isa = PBXFileReference; lastKnownFileType = file.xib; path = FirstVC.xib; sourceTree = "<group>"; };
		C77D619F294A6C6600CD7A91 /* SecondVC.swift */ = {isa = PBXFileReference; lastKnownFileType = sourcecode.swift; path = SecondVC.swift; sourceTree = "<group>"; };
		C77D61A1294A6C7800CD7A91 /* SecondVC.xib */ = {isa = PBXFileReference; lastKnownFileType = file.xib; path = SecondVC.xib; sourceTree = "<group>"; };
		C77D61A3294CD52900CD7A91 /* CityTableViewCell.swift */ = {isa = PBXFileReference; lastKnownFileType = sourcecode.swift; path = CityTableViewCell.swift; sourceTree = "<group>"; };
		C77D61A7294CD55500CD7A91 /* CityTableViewCell.xib */ = {isa = PBXFileReference; lastKnownFileType = file.xib; path = CityTableViewCell.xib; sourceTree = "<group>"; };
		C77D61AA294CDB0F00CD7A91 /* NetworkService.swift */ = {isa = PBXFileReference; lastKnownFileType = sourcecode.swift; path = NetworkService.swift; sourceTree = "<group>"; };
		C7A1B9E329488AAB00D62C28 /* Test_Task_1.app */ = {isa = PBXFileReference; explicitFileType = wrapper.application; includeInIndex = 0; path = Test_Task_1.app; sourceTree = BUILT_PRODUCTS_DIR; };
		C7A1B9E629488AAB00D62C28 /* AppDelegate.swift */ = {isa = PBXFileReference; lastKnownFileType = sourcecode.swift; path = AppDelegate.swift; sourceTree = "<group>"; };
		C7A1B9E829488AAB00D62C28 /* SceneDelegate.swift */ = {isa = PBXFileReference; lastKnownFileType = sourcecode.swift; path = SceneDelegate.swift; sourceTree = "<group>"; };
		C7A1B9EF29488AAE00D62C28 /* Assets.xcassets */ = {isa = PBXFileReference; lastKnownFileType = folder.assetcatalog; path = Assets.xcassets; sourceTree = "<group>"; };
		C7A1B9F429488AAE00D62C28 /* Info.plist */ = {isa = PBXFileReference; lastKnownFileType = text.plist.xml; path = Info.plist; sourceTree = "<group>"; };
		C7B42C44295101300079E465 /* UIColorExtension.swift */ = {isa = PBXFileReference; lastKnownFileType = sourcecode.swift; path = UIColorExtension.swift; sourceTree = "<group>"; };
		C7F13E19294F22B300828364 /* Constant.swift */ = {isa = PBXFileReference; lastKnownFileType = sourcecode.swift; path = Constant.swift; sourceTree = "<group>"; };
		C7F13E1C294F247100828364 /* WeatherData.swift */ = {isa = PBXFileReference; lastKnownFileType = sourcecode.swift; path = WeatherData.swift; sourceTree = "<group>"; };
		C7F13E1E294F29AB00828364 /* Weather.swift */ = {isa = PBXFileReference; lastKnownFileType = sourcecode.swift; path = Weather.swift; sourceTree = "<group>"; };
		C7F13E20294F944C00828364 /* GetCityWeatherService.swift */ = {isa = PBXFileReference; lastKnownFileType = sourcecode.swift; path = GetCityWeatherService.swift; sourceTree = "<group>"; };
/* End PBXFileReference section */

/* Begin PBXFrameworksBuildPhase section */
		C7A1B9E029488AAB00D62C28 /* Frameworks */ = {
			isa = PBXFrameworksBuildPhase;
			buildActionMask = 2147483647;
			files = (
				3AB18A204BBE9AEF614789A5 /* Pods_Test_Task_1.framework in Frameworks */,
			);
			runOnlyForDeploymentPostprocessing = 0;
		};
/* End PBXFrameworksBuildPhase section */

/* Begin PBXGroup section */
		C77D6193294A652B00CD7A91 /* View Controllers */ = {
			isa = PBXGroup;
			children = (
				C77D6194294A654700CD7A91 /* FirstVC */,
				C77D619E294A6C2D00CD7A91 /* SecondVC */,
			);
			path = "View Controllers";
			sourceTree = "<group>";
		};
		C77D6194294A654700CD7A91 /* FirstVC */ = {
			isa = PBXGroup;
			children = (
				C77D6195294A656D00CD7A91 /* FirstVC.swift */,
				C77D6197294A65BE00CD7A91 /* FirstVC.xib */,
				C77D6199294A68E600CD7A91 /* Cells */,
			);
			path = FirstVC;
			sourceTree = "<group>";
		};
		C77D6199294A68E600CD7A91 /* Cells */ = {
			isa = PBXGroup;
			children = (
				C77D61A3294CD52900CD7A91 /* CityTableViewCell.swift */,
				C77D61A7294CD55500CD7A91 /* CityTableViewCell.xib */,
			);
			path = Cells;
			sourceTree = "<group>";
		};
		C77D619E294A6C2D00CD7A91 /* SecondVC */ = {
			isa = PBXGroup;
			children = (
				C77D619F294A6C6600CD7A91 /* SecondVC.swift */,
				C77D61A1294A6C7800CD7A91 /* SecondVC.xib */,
			);
			path = SecondVC;
			sourceTree = "<group>";
		};
		C77D61A9294CDACF00CD7A91 /* Services */ = {
			isa = PBXGroup;
			children = (
				C77D61AA294CDB0F00CD7A91 /* NetworkService.swift */,
				C7F13E20294F944C00828364 /* GetCityWeatherService.swift */,
			);
			path = Services;
			sourceTree = "<group>";
		};
		C7A1B9DA29488AAB00D62C28 = {
			isa = PBXGroup;
			children = (
				C7A1B9E529488AAB00D62C28 /* Test_Task_1 */,
				C7A1B9E429488AAB00D62C28 /* Products */,
				FCFABBEB6E4AC134B9693656 /* Pods */,
				D8F1A001038877B50B41E9F8 /* Frameworks */,
			);
			sourceTree = "<group>";
		};
		C7A1B9E429488AAB00D62C28 /* Products */ = {
			isa = PBXGroup;
			children = (
				C7A1B9E329488AAB00D62C28 /* Test_Task_1.app */,
			);
			name = Products;
			sourceTree = "<group>";
		};
		C7A1B9E529488AAB00D62C28 /* Test_Task_1 */ = {
			isa = PBXGroup;
			children = (
				C7B42C432951011C0079E465 /* Utils */,
				C7F13E1B294F243800828364 /* Models */,
				C77D61A9294CDACF00CD7A91 /* Services */,
				C77D6193294A652B00CD7A91 /* View Controllers */,
				C7F13E16294F20F300828364 /* Supporting Files */,
			);
			path = Test_Task_1;
			sourceTree = "<group>";
		};
		C7B42C432951011C0079E465 /* Utils */ = {
			isa = PBXGroup;
			children = (
				C7B42C44295101300079E465 /* UIColorExtension.swift */,
			);
			path = Utils;
			sourceTree = "<group>";
		};
		C7F13E16294F20F300828364 /* Supporting Files */ = {
			isa = PBXGroup;
			children = (
				C7A1B9F429488AAE00D62C28 /* Info.plist */,
				C7A1B9EF29488AAE00D62C28 /* Assets.xcassets */,
				C7A1B9E829488AAB00D62C28 /* SceneDelegate.swift */,
				C7A1B9E629488AAB00D62C28 /* AppDelegate.swift */,
				C7F13E19294F22B300828364 /* Constant.swift */,
			);
			path = "Supporting Files";
			sourceTree = "<group>";
		};
		C7F13E1B294F243800828364 /* Models */ = {
			isa = PBXGroup;
			children = (
				C7F13E1C294F247100828364 /* WeatherData.swift */,
				C7F13E1E294F29AB00828364 /* Weather.swift */,
			);
			path = Models;
			sourceTree = "<group>";
		};
		D8F1A001038877B50B41E9F8 /* Frameworks */ = {
			isa = PBXGroup;
			children = (
				5E094B0681A9238BF5603585 /* Pods_Test_Task_1.framework */,
			);
			name = Frameworks;
			sourceTree = "<group>";
		};
		FCFABBEB6E4AC134B9693656 /* Pods */ = {
			isa = PBXGroup;
			children = (
				73BD2BDCBC24E53E7D80C9FB /* Pods-Test_Task_1.debug.xcconfig */,
				0BDC811E9B8FC487239D013E /* Pods-Test_Task_1.release.xcconfig */,
			);
			path = Pods;
			sourceTree = "<group>";
		};
/* End PBXGroup section */

/* Begin PBXNativeTarget section */
		C7A1B9E229488AAB00D62C28 /* Test_Task_1 */ = {
			isa = PBXNativeTarget;
			buildConfigurationList = C7A1B9F729488AAE00D62C28 /* Build configuration list for PBXNativeTarget "Test_Task_1" */;
			buildPhases = (
				7CC660408C0D5C55186D71B3 /* [CP] Check Pods Manifest.lock */,
				C7A1B9DF29488AAB00D62C28 /* Sources */,
				C7A1B9E029488AAB00D62C28 /* Frameworks */,
				C7A1B9E129488AAB00D62C28 /* Resources */,
				61CC5985DC9078BB022E4F14 /* [CP] Embed Pods Frameworks */,
			);
			buildRules = (
			);
			dependencies = (
			);
			name = Test_Task_1;
			productName = Test_Task_1;
			productReference = C7A1B9E329488AAB00D62C28 /* Test_Task_1.app */;
			productType = "com.apple.product-type.application";
		};
/* End PBXNativeTarget section */

/* Begin PBXProject section */
		C7A1B9DB29488AAB00D62C28 /* Project object */ = {
			isa = PBXProject;
			attributes = {
				BuildIndependentTargetsInParallel = 1;
				LastSwiftUpdateCheck = 1320;
				LastUpgradeCheck = 1320;
				TargetAttributes = {
					C7A1B9E229488AAB00D62C28 = {
						CreatedOnToolsVersion = 13.2.1;
					};
				};
			};
			buildConfigurationList = C7A1B9DE29488AAB00D62C28 /* Build configuration list for PBXProject "Test_Task_1" */;
			compatibilityVersion = "Xcode 13.0";
			developmentRegion = en;
			hasScannedForEncodings = 0;
			knownRegions = (
				en,
				Base,
			);
			mainGroup = C7A1B9DA29488AAB00D62C28;
			productRefGroup = C7A1B9E429488AAB00D62C28 /* Products */;
			projectDirPath = "";
			projectRoot = "";
			targets = (
				C7A1B9E229488AAB00D62C28 /* Test_Task_1 */,
			);
		};
/* End PBXProject section */

/* Begin PBXResourcesBuildPhase section */
		C7A1B9E129488AAB00D62C28 /* Resources */ = {
			isa = PBXResourcesBuildPhase;
			buildActionMask = 2147483647;
			files = (
				C77D61A2294A6C7800CD7A91 /* SecondVC.xib in Resources */,
				C7A1B9F029488AAE00D62C28 /* Assets.xcassets in Resources */,
				C77D61A8294CD55500CD7A91 /* CityTableViewCell.xib in Resources */,
				C77D6198294A65BE00CD7A91 /* FirstVC.xib in Resources */,
			);
			runOnlyForDeploymentPostprocessing = 0;
		};
/* End PBXResourcesBuildPhase section */

/* Begin PBXShellScriptBuildPhase section */
		61CC5985DC9078BB022E4F14 /* [CP] Embed Pods Frameworks */ = {
			isa = PBXShellScriptBuildPhase;
			buildActionMask = 2147483647;
			files = (
			);
			inputFileListPaths = (
				"${PODS_ROOT}/Target Support Files/Pods-Test_Task_1/Pods-Test_Task_1-frameworks-${CONFIGURATION}-input-files.xcfilelist",
			);
			name = "[CP] Embed Pods Frameworks";
			outputFileListPaths = (
				"${PODS_ROOT}/Target Support Files/Pods-Test_Task_1/Pods-Test_Task_1-frameworks-${CONFIGURATION}-output-files.xcfilelist",
			);
			runOnlyForDeploymentPostprocessing = 0;
			shellPath = /bin/sh;
			shellScript = "\"${PODS_ROOT}/Target Support Files/Pods-Test_Task_1/Pods-Test_Task_1-frameworks.sh\"\n";
			showEnvVarsInLog = 0;
		};
		7CC660408C0D5C55186D71B3 /* [CP] Check Pods Manifest.lock */ = {
			isa = PBXShellScriptBuildPhase;
			buildActionMask = 2147483647;
			files = (
			);
			inputFileListPaths = (
			);
			inputPaths = (
				"${PODS_PODFILE_DIR_PATH}/Podfile.lock",
				"${PODS_ROOT}/Manifest.lock",
			);
			name = "[CP] Check Pods Manifest.lock";
			outputFileListPaths = (
			);
			outputPaths = (
				"$(DERIVED_FILE_DIR)/Pods-Test_Task_1-checkManifestLockResult.txt",
			);
			runOnlyForDeploymentPostprocessing = 0;
			shellPath = /bin/sh;
			shellScript = "diff \"${PODS_PODFILE_DIR_PATH}/Podfile.lock\" \"${PODS_ROOT}/Manifest.lock\" > /dev/null\nif [ $? != 0 ] ; then\n    # print error to STDERR\n    echo \"error: The sandbox is not in sync with the Podfile.lock. Run 'pod install' or update your CocoaPods installation.\" >&2\n    exit 1\nfi\n# This output is used by Xcode 'outputs' to avoid re-running this script phase.\necho \"SUCCESS\" > \"${SCRIPT_OUTPUT_FILE_0}\"\n";
			showEnvVarsInLog = 0;
		};
/* End PBXShellScriptBuildPhase section */

/* Begin PBXSourcesBuildPhase section */
		C7A1B9DF29488AAB00D62C28 /* Sources */ = {
			isa = PBXSourcesBuildPhase;
			buildActionMask = 2147483647;
			files = (
				C77D61A4294CD52900CD7A91 /* CityTableViewCell.swift in Sources */,
				C7A1B9E729488AAB00D62C28 /* AppDelegate.swift in Sources */,
				C7F13E1A294F22B300828364 /* Constant.swift in Sources */,
				C7F13E1F294F29AB00828364 /* Weather.swift in Sources */,
				C77D61A0294A6C6600CD7A91 /* SecondVC.swift in Sources */,
				C7B42C45295101300079E465 /* UIColorExtension.swift in Sources */,
				C7F13E1D294F247200828364 /* WeatherData.swift in Sources */,
				C7F13E21294F944C00828364 /* GetCityWeatherService.swift in Sources */,
				C77D6196294A656D00CD7A91 /* FirstVC.swift in Sources */,
				C7A1B9E929488AAB00D62C28 /* SceneDelegate.swift in Sources */,
				C77D61AB294CDB0F00CD7A91 /* NetworkService.swift in Sources */,
			);
			runOnlyForDeploymentPostprocessing = 0;
		};
/* End PBXSourcesBuildPhase section */

/* Begin XCBuildConfiguration section */
		C7A1B9F529488AAE00D62C28 /* Debug */ = {
			isa = XCBuildConfiguration;
			buildSettings = {
				ALWAYS_SEARCH_USER_PATHS = NO;
				CLANG_ANALYZER_NONNULL = YES;
				CLANG_ANALYZER_NUMBER_OBJECT_CONVERSION = YES_AGGRESSIVE;
				CLANG_CXX_LANGUAGE_STANDARD = "gnu++17";
				CLANG_CXX_LIBRARY = "libc++";
				CLANG_ENABLE_MODULES = YES;
				CLANG_ENABLE_OBJC_ARC = YES;
				CLANG_ENABLE_OBJC_WEAK = YES;
				CLANG_WARN_BLOCK_CAPTURE_AUTORELEASING = YES;
				CLANG_WARN_BOOL_CONVERSION = YES;
				CLANG_WARN_COMMA = YES;
				CLANG_WARN_CONSTANT_CONVERSION = YES;
				CLANG_WARN_DEPRECATED_OBJC_IMPLEMENTATIONS = YES;
				CLANG_WARN_DIRECT_OBJC_ISA_USAGE = YES_ERROR;
				CLANG_WARN_DOCUMENTATION_COMMENTS = YES;
				CLANG_WARN_EMPTY_BODY = YES;
				CLANG_WARN_ENUM_CONVERSION = YES;
				CLANG_WARN_INFINITE_RECURSION = YES;
				CLANG_WARN_INT_CONVERSION = YES;
				CLANG_WARN_NON_LITERAL_NULL_CONVERSION = YES;
				CLANG_WARN_OBJC_IMPLICIT_RETAIN_SELF = YES;
				CLANG_WARN_OBJC_LITERAL_CONVERSION = YES;
				CLANG_WARN_OBJC_ROOT_CLASS = YES_ERROR;
				CLANG_WARN_QUOTED_INCLUDE_IN_FRAMEWORK_HEADER = YES;
				CLANG_WARN_RANGE_LOOP_ANALYSIS = YES;
				CLANG_WARN_STRICT_PROTOTYPES = YES;
				CLANG_WARN_SUSPICIOUS_MOVE = YES;
				CLANG_WARN_UNGUARDED_AVAILABILITY = YES_AGGRESSIVE;
				CLANG_WARN_UNREACHABLE_CODE = YES;
				CLANG_WARN__DUPLICATE_METHOD_MATCH = YES;
				COPY_PHASE_STRIP = NO;
				DEBUG_INFORMATION_FORMAT = dwarf;
				ENABLE_STRICT_OBJC_MSGSEND = YES;
				ENABLE_TESTABILITY = YES;
				GCC_C_LANGUAGE_STANDARD = gnu11;
				GCC_DYNAMIC_NO_PIC = NO;
				GCC_NO_COMMON_BLOCKS = YES;
				GCC_OPTIMIZATION_LEVEL = 0;
				GCC_PREPROCESSOR_DEFINITIONS = (
					"DEBUG=1",
					"$(inherited)",
				);
				GCC_WARN_64_TO_32_BIT_CONVERSION = YES;
				GCC_WARN_ABOUT_RETURN_TYPE = YES_ERROR;
				GCC_WARN_UNDECLARED_SELECTOR = YES;
				GCC_WARN_UNINITIALIZED_AUTOS = YES_AGGRESSIVE;
				GCC_WARN_UNUSED_FUNCTION = YES;
				GCC_WARN_UNUSED_VARIABLE = YES;
				IPHONEOS_DEPLOYMENT_TARGET = 15.2;
				MTL_ENABLE_DEBUG_INFO = INCLUDE_SOURCE;
				MTL_FAST_MATH = YES;
				ONLY_ACTIVE_ARCH = YES;
				SDKROOT = iphoneos;
				SWIFT_ACTIVE_COMPILATION_CONDITIONS = DEBUG;
				SWIFT_OPTIMIZATION_LEVEL = "-Onone";
			};
			name = Debug;
		};
		C7A1B9F629488AAE00D62C28 /* Release */ = {
			isa = XCBuildConfiguration;
			buildSettings = {
				ALWAYS_SEARCH_USER_PATHS = NO;
				CLANG_ANALYZER_NONNULL = YES;
				CLANG_ANALYZER_NUMBER_OBJECT_CONVERSION = YES_AGGRESSIVE;
				CLANG_CXX_LANGUAGE_STANDARD = "gnu++17";
				CLANG_CXX_LIBRARY = "libc++";
				CLANG_ENABLE_MODULES = YES;
				CLANG_ENABLE_OBJC_ARC = YES;
				CLANG_ENABLE_OBJC_WEAK = YES;
				CLANG_WARN_BLOCK_CAPTURE_AUTORELEASING = YES;
				CLANG_WARN_BOOL_CONVERSION = YES;
				CLANG_WARN_COMMA = YES;
				CLANG_WARN_CONSTANT_CONVERSION = YES;
				CLANG_WARN_DEPRECATED_OBJC_IMPLEMENTATIONS = YES;
				CLANG_WARN_DIRECT_OBJC_ISA_USAGE = YES_ERROR;
				CLANG_WARN_DOCUMENTATION_COMMENTS = YES;
				CLANG_WARN_EMPTY_BODY = YES;
				CLANG_WARN_ENUM_CONVERSION = YES;
				CLANG_WARN_INFINITE_RECURSION = YES;
				CLANG_WARN_INT_CONVERSION = YES;
				CLANG_WARN_NON_LITERAL_NULL_CONVERSION = YES;
				CLANG_WARN_OBJC_IMPLICIT_RETAIN_SELF = YES;
				CLANG_WARN_OBJC_LITERAL_CONVERSION = YES;
				CLANG_WARN_OBJC_ROOT_CLASS = YES_ERROR;
				CLANG_WARN_QUOTED_INCLUDE_IN_FRAMEWORK_HEADER = YES;
				CLANG_WARN_RANGE_LOOP_ANALYSIS = YES;
				CLANG_WARN_STRICT_PROTOTYPES = YES;
				CLANG_WARN_SUSPICIOUS_MOVE = YES;
				CLANG_WARN_UNGUARDED_AVAILABILITY = YES_AGGRESSIVE;
				CLANG_WARN_UNREACHABLE_CODE = YES;
				CLANG_WARN__DUPLICATE_METHOD_MATCH = YES;
				COPY_PHASE_STRIP = NO;
				DEBUG_INFORMATION_FORMAT = "dwarf-with-dsym";
				ENABLE_NS_ASSERTIONS = NO;
				ENABLE_STRICT_OBJC_MSGSEND = YES;
				GCC_C_LANGUAGE_STANDARD = gnu11;
				GCC_NO_COMMON_BLOCKS = YES;
				GCC_WARN_64_TO_32_BIT_CONVERSION = YES;
				GCC_WARN_ABOUT_RETURN_TYPE = YES_ERROR;
				GCC_WARN_UNDECLARED_SELECTOR = YES;
				GCC_WARN_UNINITIALIZED_AUTOS = YES_AGGRESSIVE;
				GCC_WARN_UNUSED_FUNCTION = YES;
				GCC_WARN_UNUSED_VARIABLE = YES;
				IPHONEOS_DEPLOYMENT_TARGET = 15.2;
				MTL_ENABLE_DEBUG_INFO = NO;
				MTL_FAST_MATH = YES;
				SDKROOT = iphoneos;
				SWIFT_COMPILATION_MODE = wholemodule;
				SWIFT_OPTIMIZATION_LEVEL = "-O";
				VALIDATE_PRODUCT = YES;
			};
			name = Release;
		};
		C7A1B9F829488AAE00D62C28 /* Debug */ = {
			isa = XCBuildConfiguration;
			baseConfigurationReference = 73BD2BDCBC24E53E7D80C9FB /* Pods-Test_Task_1.debug.xcconfig */;
			buildSettings = {
				ASSETCATALOG_COMPILER_APPICON_NAME = AppIcon;
				ASSETCATALOG_COMPILER_GLOBAL_ACCENT_COLOR_NAME = AccentColor;
				CODE_SIGN_STYLE = Automatic;
				CURRENT_PROJECT_VERSION = 1;
				DEVELOPMENT_TEAM = UN3V7ZBJ8A;
				GENERATE_INFOPLIST_FILE = YES;
				INFOPLIST_FILE = "Test_Task_1/Supporting Files/Info.plist";
				INFOPLIST_KEY_UIApplicationSupportsIndirectInputEvents = YES;
				INFOPLIST_KEY_UILaunchStoryboardName = LaunchScreen;
				INFOPLIST_KEY_UISupportedInterfaceOrientations_iPad = "UIInterfaceOrientationPortrait UIInterfaceOrientationPortraitUpsideDown UIInterfaceOrientationLandscapeLeft UIInterfaceOrientationLandscapeRight";
				INFOPLIST_KEY_UISupportedInterfaceOrientations_iPhone = "UIInterfaceOrientationPortrait UIInterfaceOrientationLandscapeLeft UIInterfaceOrientationLandscapeRight";
				LD_RUNPATH_SEARCH_PATHS = (
					"$(inherited)",
					"@executable_path/Frameworks",
				);
				MARKETING_VERSION = 1.0;
				PRODUCT_BUNDLE_IDENTIFIER = "Shelest-1.Test-Task-1";
				PRODUCT_NAME = "$(TARGET_NAME)";
				SWIFT_EMIT_LOC_STRINGS = YES;
				SWIFT_VERSION = 5.0;
				TARGETED_DEVICE_FAMILY = "1,2";
			};
			name = Debug;
		};
		C7A1B9F929488AAE00D62C28 /* Release */ = {
			isa = XCBuildConfiguration;
			baseConfigurationReference = 0BDC811E9B8FC487239D013E /* Pods-Test_Task_1.release.xcconfig */;
			buildSettings = {
				ASSETCATALOG_COMPILER_APPICON_NAME = AppIcon;
				ASSETCATALOG_COMPILER_GLOBAL_ACCENT_COLOR_NAME = AccentColor;
				CODE_SIGN_STYLE = Automatic;
				CURRENT_PROJECT_VERSION = 1;
				DEVELOPMENT_TEAM = UN3V7ZBJ8A;
				GENERATE_INFOPLIST_FILE = YES;
				INFOPLIST_FILE = "Test_Task_1/Supporting Files/Info.plist";
				INFOPLIST_KEY_UIApplicationSupportsIndirectInputEvents = YES;
				INFOPLIST_KEY_UILaunchStoryboardName = LaunchScreen;
				INFOPLIST_KEY_UISupportedInterfaceOrientations_iPad = "UIInterfaceOrientationPortrait UIInterfaceOrientationPortraitUpsideDown UIInterfaceOrientationLandscapeLeft UIInterfaceOrientationLandscapeRight";
				INFOPLIST_KEY_UISupportedInterfaceOrientations_iPhone = "UIInterfaceOrientationPortrait UIInterfaceOrientationLandscapeLeft UIInterfaceOrientationLandscapeRight";
				LD_RUNPATH_SEARCH_PATHS = (
					"$(inherited)",
					"@executable_path/Frameworks",
				);
				MARKETING_VERSION = 1.0;
				PRODUCT_BUNDLE_IDENTIFIER = "Shelest-1.Test-Task-1";
				PRODUCT_NAME = "$(TARGET_NAME)";
				SWIFT_EMIT_LOC_STRINGS = YES;
				SWIFT_VERSION = 5.0;
				TARGETED_DEVICE_FAMILY = "1,2";
			};
			name = Release;
		};
/* End XCBuildConfiguration section */

/* Begin XCConfigurationList section */
		C7A1B9DE29488AAB00D62C28 /* Build configuration list for PBXProject "Test_Task_1" */ = {
			isa = XCConfigurationList;
			buildConfigurations = (
				C7A1B9F529488AAE00D62C28 /* Debug */,
				C7A1B9F629488AAE00D62C28 /* Release */,
			);
			defaultConfigurationIsVisible = 0;
			defaultConfigurationName = Release;
		};
		C7A1B9F729488AAE00D62C28 /* Build configuration list for PBXNativeTarget "Test_Task_1" */ = {
			isa = XCConfigurationList;
			buildConfigurations = (
				C7A1B9F829488AAE00D62C28 /* Debug */,
				C7A1B9F929488AAE00D62C28 /* Release */,
			);
			defaultConfigurationIsVisible = 0;
			defaultConfigurationName = Release;
		};
/* End XCConfigurationList section */
	};
	rootObject = C7A1B9DB29488AAB00D62C28 /* Project object */;
}
